{
  "R": {
    "Version": "4.1.1",
    "Repositories": [
      {
        "Name": "BioCsoft",
        "URL": "https://rspm.ie-freiburg.mpg.de/bioconductor//packages/3.14/bioc"
      },
      {
        "Name": "BioCann",
        "URL": "https://rspm.ie-freiburg.mpg.de/bioconductor//packages/3.14/data/annotation"
      },
      {
        "Name": "BioCexp",
        "URL": "https://rspm.ie-freiburg.mpg.de/bioconductor//packages/3.14/data/experiment"
      },
      {
        "Name": "BioCworkflows",
        "URL": "https://rspm.ie-freiburg.mpg.de/bioconductor//packages/3.14/workflows"
      },
      {
        "Name": "BioCbooks",
        "URL": "https://rspm.ie-freiburg.mpg.de/bioconductor//packages/3.14/books"
      },
      {
        "Name": "CRAN",
        "URL": "https://rspm.ie-freiburg.mpg.de/prod-cran/latest"
      }
    ]
  },
  "Packages": {
    "renv": {
      "Package": "renv",
      "Version": "0.15.4",
      "Source": "Repository",
      "Repository": "RSPM",
      "Hash": "c1078316e1d4f70275fc1ea60c0bc431",
      "Requirements": []
    }
  }
}
